
Microsoft Visual Studio Solution File, Format Version 12.00
# Visual Studio Version 17
VisualStudioVersion = 17.7.34031.279
MinimumVisualStudioVersion = 10.0.40219.1
Project("{FAE04EC0-301F-11D3-BF4B-00C04F79EFBC}") = "nemtom", "nemtom.csproj", "{DA86E8AB-04D1-4EDE-8330-1BD990E5CE0C}"
EndProject
Global
	GlobalSection(SolutionConfigurationPlatforms) = preSolution
		Debug|Any CPU = Debug|Any CPU
		Release|Any CPU = Release|Any CPU
	EndGlobalSection
	GlobalSection(ProjectConfigurationPlatforms) = postSolution
		{DA86E8AB-04D1-4EDE-8330-1BD990E5CE0C}.Debug|Any CPU.ActiveCfg = Debug|Any CPU
		{DA86E8AB-04D1-4EDE-8330-1BD990E5CE0C}.Debug|Any CPU.Build.0 = Debug|Any CPU
		{DA86E8AB-04D1-4EDE-8330-1BD990E5CE0C}.Release|Any CPU.ActiveCfg = Release|Any CPU
		{DA86E8AB-04D1-4EDE-8330-1BD990E5CE0C}.Release|Any CPU.Build.0 = Release|Any CPU
	EndGlobalSection
	GlobalSection(SolutionProperties) = preSolution
		HideSolutionNode = FALSE
	EndGlobalSection
	GlobalSection(ExtensibilityGlobals) = postSolution
		SolutionGuid = {8A427512-6B0F-4280-AC0C-3A5C3AE9A4F3}
	EndGlobalSection
EndGlobal
